
Microsoft Visual Studio Solution File, Format Version 12.00
# Visual Studio 15
Project("{FAE04EC0-301F-11D3-BF4B-00C04F79EFBC}") = "Assembly-CSharp", "Assembly-CSharp.csproj", "{A6FA29BE-FFFB-6CCB-7DBF-1E6CBE8B621E}"
EndProject
Project("{FAE04EC0-301F-11D3-BF4B-00C04F79EFBC}") = "Assembly-CSharp-firstpass", "Assembly-CSharp-firstpass.csproj", "{05A927EB-C440-261A-4E86-061668AE4635}"
EndProject
Global
	GlobalSection(SolutionConfigurationPlatforms) = preSolution
		Debug|Any CPU = Debug|Any CPU
		Release|Any CPU = Release|Any CPU
	EndGlobalSection
	GlobalSection(ProjectConfigurationPlatforms) = postSolution
		{A6FA29BE-FFFB-6CCB-7DBF-1E6CBE8B621E}.Debug|Any CPU.ActiveCfg = Debug|Any CPU
		{A6FA29BE-FFFB-6CCB-7DBF-1E6CBE8B621E}.Debug|Any CPU.Build.0 = Debug|Any CPU
		{A6FA29BE-FFFB-6CCB-7DBF-1E6CBE8B621E}.Release|Any CPU.ActiveCfg = Release|Any CPU
		{A6FA29BE-FFFB-6CCB-7DBF-1E6CBE8B621E}.Release|Any CPU.Build.0 = Release|Any CPU
		{05A927EB-C440-261A-4E86-061668AE4635}.Debug|Any CPU.ActiveCfg = Debug|Any CPU
		{05A927EB-C440-261A-4E86-061668AE4635}.Debug|Any CPU.Build.0 = Debug|Any CPU
		{05A927EB-C440-261A-4E86-061668AE4635}.Release|Any CPU.ActiveCfg = Release|Any CPU
		{05A927EB-C440-261A-4E86-061668AE4635}.Release|Any CPU.Build.0 = Release|Any CPU
	EndGlobalSection
	GlobalSection(SolutionProperties) = preSolution
		HideSolutionNode = FALSE
	EndGlobalSection
EndGlobal
